
Microsoft Visual Studio Solution File, Format Version 12.00
# Visual Studio 15
VisualStudioVersion = 15.0.26124.0
MinimumVisualStudioVersion = 15.0.26124.0
Project("{2150E333-8FDC-42A3-9474-1A3956D46DE8}") = "src", "src", "{D2F79896-B379-4302-BC75-8FC3671BC012}"
EndProject
Project("{FAE04EC0-301F-11D3-BF4B-00C04F79EFBC}") = "JHipsterNet", "src\JHipsterNet\JHipsterNet.csproj", "{9D8C1C8F-D018-4152-AF24-464DD3C8604B}"
EndProject
Project("{FAE04EC0-301F-11D3-BF4B-00C04F79EFBC}") = "Jhipster", "src\Jhipster\Jhipster.csproj", "{8A795131-CCEC-4C7F-B1E8-B0C2E565CD7C}"
EndProject
Project("{2150E333-8FDC-42A3-9474-1A3956D46DE8}") = "test", "test", "{38F9BAE2-56BD-4FFA-B6C3-59C3F6CF9B30}"
EndProject
Project("{FAE04EC0-301F-11D3-BF4B-00C04F79EFBC}") = "Jhipster.Test", "test\Jhipster.Test\Jhipster.Test.csproj", "{F8327772-EF22-451C-AEC1-575DCDBD62D8}"
EndProject
Global
	GlobalSection(SolutionConfigurationPlatforms) = preSolution
		Debug|Any CPU = Debug|Any CPU
		Debug|x64 = Debug|x64
		Debug|x86 = Debug|x86
		Release|Any CPU = Release|Any CPU
		Release|x64 = Release|x64
		Release|x86 = Release|x86
	EndGlobalSection
	GlobalSection(SolutionProperties) = preSolution
		HideSolutionNode = FALSE
	EndGlobalSection
	GlobalSection(ProjectConfigurationPlatforms) = postSolution
		{9D8C1C8F-D018-4152-AF24-464DD3C8604B}.Debug|Any CPU.ActiveCfg = Debug|Any CPU
		{9D8C1C8F-D018-4152-AF24-464DD3C8604B}.Debug|Any CPU.Build.0 = Debug|Any CPU
		{9D8C1C8F-D018-4152-AF24-464DD3C8604B}.Debug|x64.ActiveCfg = Debug|Any CPU
		{9D8C1C8F-D018-4152-AF24-464DD3C8604B}.Debug|x64.Build.0 = Debug|Any CPU
		{9D8C1C8F-D018-4152-AF24-464DD3C8604B}.Debug|x86.ActiveCfg = Debug|Any CPU
		{9D8C1C8F-D018-4152-AF24-464DD3C8604B}.Debug|x86.Build.0 = Debug|Any CPU
		{9D8C1C8F-D018-4152-AF24-464DD3C8604B}.Release|Any CPU.ActiveCfg = Release|Any CPU
		{9D8C1C8F-D018-4152-AF24-464DD3C8604B}.Release|Any CPU.Build.0 = Release|Any CPU
		{9D8C1C8F-D018-4152-AF24-464DD3C8604B}.Release|x64.ActiveCfg = Release|Any CPU
		{9D8C1C8F-D018-4152-AF24-464DD3C8604B}.Release|x64.Build.0 = Release|Any CPU
		{9D8C1C8F-D018-4152-AF24-464DD3C8604B}.Release|x86.ActiveCfg = Release|Any CPU
		{9D8C1C8F-D018-4152-AF24-464DD3C8604B}.Release|x86.Build.0 = Release|Any CPU
		{8A795131-CCEC-4C7F-B1E8-B0C2E565CD7C}.Debug|Any CPU.ActiveCfg = Debug|Any CPU
		{8A795131-CCEC-4C7F-B1E8-B0C2E565CD7C}.Debug|Any CPU.Build.0 = Debug|Any CPU
		{8A795131-CCEC-4C7F-B1E8-B0C2E565CD7C}.Debug|x64.ActiveCfg = Debug|Any CPU
		{8A795131-CCEC-4C7F-B1E8-B0C2E565CD7C}.Debug|x64.Build.0 = Debug|Any CPU
		{8A795131-CCEC-4C7F-B1E8-B0C2E565CD7C}.Debug|x86.ActiveCfg = Debug|Any CPU
		{8A795131-CCEC-4C7F-B1E8-B0C2E565CD7C}.Debug|x86.Build.0 = Debug|Any CPU
		{8A795131-CCEC-4C7F-B1E8-B0C2E565CD7C}.Release|Any CPU.ActiveCfg = Release|Any CPU
		{8A795131-CCEC-4C7F-B1E8-B0C2E565CD7C}.Release|Any CPU.Build.0 = Release|Any CPU
		{8A795131-CCEC-4C7F-B1E8-B0C2E565CD7C}.Release|x64.ActiveCfg = Release|Any CPU
		{8A795131-CCEC-4C7F-B1E8-B0C2E565CD7C}.Release|x64.Build.0 = Release|Any CPU
		{8A795131-CCEC-4C7F-B1E8-B0C2E565CD7C}.Release|x86.ActiveCfg = Release|Any CPU
		{8A795131-CCEC-4C7F-B1E8-B0C2E565CD7C}.Release|x86.Build.0 = Release|Any CPU
		{F8327772-EF22-451C-AEC1-575DCDBD62D8}.Debug|Any CPU.ActiveCfg = Debug|Any CPU
		{F8327772-EF22-451C-AEC1-575DCDBD62D8}.Debug|Any CPU.Build.0 = Debug|Any CPU
		{F8327772-EF22-451C-AEC1-575DCDBD62D8}.Debug|x64.ActiveCfg = Debug|Any CPU
		{F8327772-EF22-451C-AEC1-575DCDBD62D8}.Debug|x64.Build.0 = Debug|Any CPU
		{F8327772-EF22-451C-AEC1-575DCDBD62D8}.Debug|x86.ActiveCfg = Debug|Any CPU
		{F8327772-EF22-451C-AEC1-575DCDBD62D8}.Debug|x86.Build.0 = Debug|Any CPU
		{F8327772-EF22-451C-AEC1-575DCDBD62D8}.Release|Any CPU.ActiveCfg = Release|Any CPU
		{F8327772-EF22-451C-AEC1-575DCDBD62D8}.Release|Any CPU.Build.0 = Release|Any CPU
		{F8327772-EF22-451C-AEC1-575DCDBD62D8}.Release|x64.ActiveCfg = Release|Any CPU
		{F8327772-EF22-451C-AEC1-575DCDBD62D8}.Release|x64.Build.0 = Release|Any CPU
		{F8327772-EF22-451C-AEC1-575DCDBD62D8}.Release|x86.ActiveCfg = Release|Any CPU
		{F8327772-EF22-451C-AEC1-575DCDBD62D8}.Release|x86.Build.0 = Release|Any CPU
	EndGlobalSection
	GlobalSection(NestedProjects) = preSolution
		{9D8C1C8F-D018-4152-AF24-464DD3C8604B} = {D2F79896-B379-4302-BC75-8FC3671BC012}
		{8A795131-CCEC-4C7F-B1E8-B0C2E565CD7C} = {D2F79896-B379-4302-BC75-8FC3671BC012}
		{F8327772-EF22-451C-AEC1-575DCDBD62D8} = {38F9BAE2-56BD-4FFA-B6C3-59C3F6CF9B30}
	EndGlobalSection
EndGlobal
